
Microsoft Visual Studio Solution File, Format Version 12.00
# Visual Studio Version 16
VisualStudioVersion = 16.0.30517.126
MinimumVisualStudioVersion = 10.0.40219.1
Project("{9A19103F-16F7-4668-BE54-9A1E7A4F7556}") = "AdditionGame", "AdditionGame\AdditionGame.csproj", "{3672461A-2090-4C6E-8F25-3413C3316A40}"
EndProject
Project("{9A19103F-16F7-4668-BE54-9A1E7A4F7556}") = "ClassMetotDemo", "ClassMetotDemo\ClassMetotDemo.csproj", "{D9622F75-B445-447C-A624-F3D1D297E466}"
EndProject
Project("{9A19103F-16F7-4668-BE54-9A1E7A4F7556}") = "MyDictionary", "MyDictionary\MyDictionary.csproj", "{8A8A76A9-5A1A-4611-B01C-8283B74D245A}"
EndProject
Project("{9A19103F-16F7-4668-BE54-9A1E7A4F7556}") = "InterfaceAndAbstractDemo", "InterfaceAndAbstractDemo\InterfaceAndAbstractDemo.csproj", "{6F277FD7-1355-4B54-8BC4-683D6C45855A}"
EndProject
Project("{FAE04EC0-301F-11D3-BF4B-00C04F79EFBC}") = "GameProject", "GameProject\GameProject.csproj", "{1B526339-8F74-44E9-A34D-562D7CC38D29}"
EndProject
Global
	GlobalSection(SolutionConfigurationPlatforms) = preSolution
		Debug|Any CPU = Debug|Any CPU
		Release|Any CPU = Release|Any CPU
	EndGlobalSection
	GlobalSection(ProjectConfigurationPlatforms) = postSolution
		{3672461A-2090-4C6E-8F25-3413C3316A40}.Debug|Any CPU.ActiveCfg = Debug|Any CPU
		{3672461A-2090-4C6E-8F25-3413C3316A40}.Debug|Any CPU.Build.0 = Debug|Any CPU
		{3672461A-2090-4C6E-8F25-3413C3316A40}.Release|Any CPU.ActiveCfg = Release|Any CPU
		{3672461A-2090-4C6E-8F25-3413C3316A40}.Release|Any CPU.Build.0 = Release|Any CPU
		{D9622F75-B445-447C-A624-F3D1D297E466}.Debug|Any CPU.ActiveCfg = Debug|Any CPU
		{D9622F75-B445-447C-A624-F3D1D297E466}.Debug|Any CPU.Build.0 = Debug|Any CPU
		{D9622F75-B445-447C-A624-F3D1D297E466}.Release|Any CPU.ActiveCfg = Release|Any CPU
		{D9622F75-B445-447C-A624-F3D1D297E466}.Release|Any CPU.Build.0 = Release|Any CPU
		{8A8A76A9-5A1A-4611-B01C-8283B74D245A}.Debug|Any CPU.ActiveCfg = Debug|Any CPU
		{8A8A76A9-5A1A-4611-B01C-8283B74D245A}.Debug|Any CPU.Build.0 = Debug|Any CPU
		{8A8A76A9-5A1A-4611-B01C-8283B74D245A}.Release|Any CPU.ActiveCfg = Release|Any CPU
		{8A8A76A9-5A1A-4611-B01C-8283B74D245A}.Release|Any CPU.Build.0 = Release|Any CPU
		{6F277FD7-1355-4B54-8BC4-683D6C45855A}.Debug|Any CPU.ActiveCfg = Debug|Any CPU
		{6F277FD7-1355-4B54-8BC4-683D6C45855A}.Debug|Any CPU.Build.0 = Debug|Any CPU
		{6F277FD7-1355-4B54-8BC4-683D6C45855A}.Release|Any CPU.ActiveCfg = Release|Any CPU
		{6F277FD7-1355-4B54-8BC4-683D6C45855A}.Release|Any CPU.Build.0 = Release|Any CPU
		{1B526339-8F74-44E9-A34D-562D7CC38D29}.Debug|Any CPU.ActiveCfg = Debug|Any CPU
		{1B526339-8F74-44E9-A34D-562D7CC38D29}.Debug|Any CPU.Build.0 = Debug|Any CPU
		{1B526339-8F74-44E9-A34D-562D7CC38D29}.Release|Any CPU.ActiveCfg = Release|Any CPU
		{1B526339-8F74-44E9-A34D-562D7CC38D29}.Release|Any CPU.Build.0 = Release|Any CPU
	EndGlobalSection
	GlobalSection(SolutionProperties) = preSolution
		HideSolutionNode = FALSE
	EndGlobalSection
	GlobalSection(ExtensibilityGlobals) = postSolution
		SolutionGuid = {9DF1C116-1B01-4A21-8F08-67B346B9FB77}
	EndGlobalSection
EndGlobal
